// !$*UTF8*$!
{
	archiveVersion = 1;
	classes = {
	};
	objectVersion = 46;
	objects = {

/* Begin PBXBuildFile section */
		3EF9AF2817577993006F9399 /* Foundation.framework in Frameworks */ = {isa = PBXBuildFile; fileRef = 3EF9AF15175778A1006F9399 /* Foundation.framework */; };
		3EF9AF4A17577B84006F9399 /* Reachability.m in Sources */ = {isa = PBXBuildFile; fileRef = 3EF9AF4917577B84006F9399 /* Reachability.m */; };
		3EF9AF5317577C36006F9399 /* ASIAuthenticationDialog.m in Sources */ = {isa = PBXBuildFile; fileRef = 3EF9AF4B17577C36006F9399 /* ASIAuthenticationDialog.m */; };
		3EF9AF5417577C36006F9399 /* ASIDataCompressor.m in Sources */ = {isa = PBXBuildFile; fileRef = 3EF9AF4C17577C36006F9399 /* ASIDataCompressor.m */; };
		3EF9AF5517577C36006F9399 /* ASIDataDecompressor.m in Sources */ = {isa = PBXBuildFile; fileRef = 3EF9AF4D17577C36006F9399 /* ASIDataDecompressor.m */; };
		3EF9AF5617577C36006F9399 /* ASIDownloadCache.m in Sources */ = {isa = PBXBuildFile; fileRef = 3EF9AF4E17577C36006F9399 /* ASIDownloadCache.m */; };
		3EF9AF5717577C36006F9399 /* ASIFormDataRequest.m in Sources */ = {isa = PBXBuildFile; fileRef = 3EF9AF4F17577C36006F9399 /* ASIFormDataRequest.m */; };
		3EF9AF5817577C36006F9399 /* ASIHTTPRequest.m in Sources */ = {isa = PBXBuildFile; fileRef = 3EF9AF5017577C36006F9399 /* ASIHTTPRequest.m */; };
		3EF9AF5917577C36006F9399 /* ASIInputStream.m in Sources */ = {isa = PBXBuildFile; fileRef = 3EF9AF5117577C36006F9399 /* ASIInputStream.m */; };
		3EF9AF5A17577C36006F9399 /* ASINetworkQueue.m in Sources */ = {isa = PBXBuildFile; fileRef = 3EF9AF5217577C36006F9399 /* ASINetworkQueue.m */; };
		3EF9AF5C17577C52006F9399 /* ASIWebPageRequest.m in Sources */ = {isa = PBXBuildFile; fileRef = 3EF9AF5B17577C52006F9399 /* ASIWebPageRequest.m */; };
		3EF9AF6217577D88006F9399 /* Foundation.framework in Frameworks */ = {isa = PBXBuildFile; fileRef = 3EF9AF15175778A1006F9399 /* Foundation.framework */; };
		3EF9AF7317577DA2006F9399 /* FMDatabase.m in Sources */ = {isa = PBXBuildFile; fileRef = 3EF9AF6D17577DA2006F9399 /* FMDatabase.m */; };
		3EF9AF7417577DA2006F9399 /* FMDatabaseAdditions.m in Sources */ = {isa = PBXBuildFile; fileRef = 3EF9AF6E17577DA2006F9399 /* FMDatabaseAdditions.m */; };
		3EF9AF7517577DA2006F9399 /* FMDatabasePool.m in Sources */ = {isa = PBXBuildFile; fileRef = 3EF9AF6F17577DA2006F9399 /* FMDatabasePool.m */; };
		3EF9AF7617577DA2006F9399 /* FMDatabaseQueue.m in Sources */ = {isa = PBXBuildFile; fileRef = 3EF9AF7017577DA2006F9399 /* FMDatabaseQueue.m */; };
		3EF9AF7717577DA2006F9399 /* fmdb.m in Sources */ = {isa = PBXBuildFile; fileRef = 3EF9AF7117577DA2006F9399 /* fmdb.m */; };
		3EF9AF7817577DA2006F9399 /* FMResultSet.m in Sources */ = {isa = PBXBuildFile; fileRef = 3EF9AF7217577DA2006F9399 /* FMResultSet.m */; };
/* End PBXBuildFile section */

/* Begin PBXCopyFilesBuildPhase section */
		3EF9AF2517577993006F9399 /* CopyFiles */ = {
			isa = PBXCopyFilesBuildPhase;
			buildActionMask = 2147483647;
			dstPath = "include/${PRODUCT_NAME}";
			dstSubfolderSpec = 16;
			files = (
			);
			runOnlyForDeploymentPostprocessing = 0;
		};
		3EF9AF5F17577D88006F9399 /* CopyFiles */ = {
			isa = PBXCopyFilesBuildPhase;
			buildActionMask = 2147483647;
			dstPath = "include/${PRODUCT_NAME}";
			dstSubfolderSpec = 16;
			files = (
			);
			runOnlyForDeploymentPostprocessing = 0;
		};
/* End PBXCopyFilesBuildPhase section */

/* Begin PBXFileReference section */
		3EF9AF15175778A1006F9399 /* Foundation.framework */ = {isa = PBXFileReference; lastKnownFileType = wrapper.framework; name = Foundation.framework; path = System/Library/Frameworks/Foundation.framework; sourceTree = SDKROOT; };
		3EF9AF2717577993006F9399 /* libasi-http-request.a */ = {isa = PBXFileReference; explicitFileType = archive.ar; includeInIndex = 0; path = "libasi-http-request.a"; sourceTree = BUILT_PRODUCTS_DIR; };
		3EF9AF2B17577993006F9399 /* asi-http-request-Prefix.pch */ = {isa = PBXFileReference; lastKnownFileType = sourcecode.c.h; path = "asi-http-request-Prefix.pch"; sourceTree = "<group>"; };
		3EF9AF4917577B84006F9399 /* Reachability.m */ = {isa = PBXFileReference; fileEncoding = 4; lastKnownFileType = sourcecode.c.objc; name = Reachability.m; path = "../../libs/asi-http-request/External/Reachability/Reachability.m"; sourceTree = "<group>"; };
		3EF9AF4B17577C36006F9399 /* ASIAuthenticationDialog.m */ = {isa = PBXFileReference; fileEncoding = 4; lastKnownFileType = sourcecode.c.objc; name = ASIAuthenticationDialog.m; path = "../../libs/asi-http-request/Classes/ASIAuthenticationDialog.m"; sourceTree = "<group>"; };
		3EF9AF4C17577C36006F9399 /* ASIDataCompressor.m */ = {isa = PBXFileReference; fileEncoding = 4; lastKnownFileType = sourcecode.c.objc; name = ASIDataCompressor.m; path = "../../libs/asi-http-request/Classes/ASIDataCompressor.m"; sourceTree = "<group>"; };
		3EF9AF4D17577C36006F9399 /* ASIDataDecompressor.m */ = {isa = PBXFileReference; fileEncoding = 4; lastKnownFileType = sourcecode.c.objc; name = ASIDataDecompressor.m; path = "../../libs/asi-http-request/Classes/ASIDataDecompressor.m"; sourceTree = "<group>"; };
		3EF9AF4E17577C36006F9399 /* ASIDownloadCache.m */ = {isa = PBXFileReference; fileEncoding = 4; lastKnownFileType = sourcecode.c.objc; name = ASIDownloadCache.m; path = "../../libs/asi-http-request/Classes/ASIDownloadCache.m"; sourceTree = "<group>"; };
		3EF9AF4F17577C36006F9399 /* ASIFormDataRequest.m */ = {isa = PBXFileReference; fileEncoding = 4; lastKnownFileType = sourcecode.c.objc; name = ASIFormDataRequest.m; path = "../../libs/asi-http-request/Classes/ASIFormDataRequest.m"; sourceTree = "<group>"; };
		3EF9AF5017577C36006F9399 /* ASIHTTPRequest.m */ = {isa = PBXFileReference; fileEncoding = 4; lastKnownFileType = sourcecode.c.objc; name = ASIHTTPRequest.m; path = "../../libs/asi-http-request/Classes/ASIHTTPRequest.m"; sourceTree = "<group>"; };
		3EF9AF5117577C36006F9399 /* ASIInputStream.m */ = {isa = PBXFileReference; fileEncoding = 4; lastKnownFileType = sourcecode.c.objc; name = ASIInputStream.m; path = "../../libs/asi-http-request/Classes/ASIInputStream.m"; sourceTree = "<group>"; };
		3EF9AF5217577C36006F9399 /* ASINetworkQueue.m */ = {isa = PBXFileReference; fileEncoding = 4; lastKnownFileType = sourcecode.c.objc; name = ASINetworkQueue.m; path = "../../libs/asi-http-request/Classes/ASINetworkQueue.m"; sourceTree = "<group>"; };
		3EF9AF5B17577C52006F9399 /* ASIWebPageRequest.m */ = {isa = PBXFileReference; fileEncoding = 4; lastKnownFileType = sourcecode.c.objc; name = ASIWebPageRequest.m; path = "../../libs/asi-http-request/Classes/ASIWebPageRequest/ASIWebPageRequest.m"; sourceTree = "<group>"; };
		3EF9AF6117577D88006F9399 /* libfmdb.a */ = {isa = PBXFileReference; explicitFileType = archive.ar; includeInIndex = 0; path = libfmdb.a; sourceTree = BUILT_PRODUCTS_DIR; };
		3EF9AF6517577D88006F9399 /* fmdb-Prefix.pch */ = {isa = PBXFileReference; lastKnownFileType = sourcecode.c.h; path = "fmdb-Prefix.pch"; sourceTree = "<group>"; };
		3EF9AF6D17577DA2006F9399 /* FMDatabase.m */ = {isa = PBXFileReference; fileEncoding = 4; lastKnownFileType = sourcecode.c.objc; name = FMDatabase.m; path = ../../libs/fmdb/src/FMDatabase.m; sourceTree = "<group>"; };
		3EF9AF6E17577DA2006F9399 /* FMDatabaseAdditions.m */ = {isa = PBXFileReference; fileEncoding = 4; lastKnownFileType = sourcecode.c.objc; name = FMDatabaseAdditions.m; path = ../../libs/fmdb/src/FMDatabaseAdditions.m; sourceTree = "<group>"; };
		3EF9AF6F17577DA2006F9399 /* FMDatabasePool.m */ = {isa = PBXFileReference; fileEncoding = 4; lastKnownFileType = sourcecode.c.objc; name = FMDatabasePool.m; path = ../../libs/fmdb/src/FMDatabasePool.m; sourceTree = "<group>"; };
		3EF9AF7017577DA2006F9399 /* FMDatabaseQueue.m */ = {isa = PBXFileReference; fileEncoding = 4; lastKnownFileType = sourcecode.c.objc; name = FMDatabaseQueue.m; path = ../../libs/fmdb/src/FMDatabaseQueue.m; sourceTree = "<group>"; };
		3EF9AF7117577DA2006F9399 /* fmdb.m */ = {isa = PBXFileReference; fileEncoding = 4; lastKnownFileType = sourcecode.c.objc; name = fmdb.m; path = ../../libs/fmdb/src/fmdb.m; sourceTree = "<group>"; };
		3EF9AF7217577DA2006F9399 /* FMResultSet.m */ = {isa = PBXFileReference; fileEncoding = 4; lastKnownFileType = sourcecode.c.objc; name = FMResultSet.m; path = ../../libs/fmdb/src/FMResultSet.m; sourceTree = "<group>"; };
/* End PBXFileReference section */

/* Begin PBXFrameworksBuildPhase section */
		3EF9AF2417577993006F9399 /* Frameworks */ = {
			isa = PBXFrameworksBuildPhase;
			buildActionMask = 2147483647;
			files = (
				3EF9AF2817577993006F9399 /* Foundation.framework in Frameworks */,
			);
			runOnlyForDeploymentPostprocessing = 0;
		};
		3EF9AF5E17577D88006F9399 /* Frameworks */ = {
			isa = PBXFrameworksBuildPhase;
			buildActionMask = 2147483647;
			files = (
				3EF9AF6217577D88006F9399 /* Foundation.framework in Frameworks */,
			);
			runOnlyForDeploymentPostprocessing = 0;
		};
/* End PBXFrameworksBuildPhase section */

/* Begin PBXGroup section */
		3EF9AF09175778A1006F9399 = {
			isa = PBXGroup;
			children = (
				3EF9AF2917577993006F9399 /* asi-http-request */,
				3EF9AF6317577D88006F9399 /* fmdb */,
				3EF9AF14175778A1006F9399 /* Frameworks */,
				3EF9AF13175778A1006F9399 /* Products */,
			);
			sourceTree = "<group>";
		};
		3EF9AF13175778A1006F9399 /* Products */ = {
			isa = PBXGroup;
			children = (
				3EF9AF2717577993006F9399 /* libasi-http-request.a */,
				3EF9AF6117577D88006F9399 /* libfmdb.a */,
			);
			name = Products;
			sourceTree = "<group>";
		};
		3EF9AF14175778A1006F9399 /* Frameworks */ = {
			isa = PBXGroup;
			children = (
				3EF9AF15175778A1006F9399 /* Foundation.framework */,
			);
			name = Frameworks;
			sourceTree = "<group>";
		};
		3EF9AF2917577993006F9399 /* asi-http-request */ = {
			isa = PBXGroup;
			children = (
				3EF9AF5B17577C52006F9399 /* ASIWebPageRequest.m */,
				3EF9AF4B17577C36006F9399 /* ASIAuthenticationDialog.m */,
				3EF9AF4C17577C36006F9399 /* ASIDataCompressor.m */,
				3EF9AF4D17577C36006F9399 /* ASIDataDecompressor.m */,
				3EF9AF4E17577C36006F9399 /* ASIDownloadCache.m */,
				3EF9AF4F17577C36006F9399 /* ASIFormDataRequest.m */,
				3EF9AF5017577C36006F9399 /* ASIHTTPRequest.m */,
				3EF9AF5117577C36006F9399 /* ASIInputStream.m */,
				3EF9AF5217577C36006F9399 /* ASINetworkQueue.m */,
				3EF9AF4917577B84006F9399 /* Reachability.m */,
				3EF9AF2A17577993006F9399 /* Supporting Files */,
			);
			path = "asi-http-request";
			sourceTree = "<group>";
		};
		3EF9AF2A17577993006F9399 /* Supporting Files */ = {
			isa = PBXGroup;
			children = (
				3EF9AF2B17577993006F9399 /* asi-http-request-Prefix.pch */,
			);
			name = "Supporting Files";
			sourceTree = "<group>";
		};
		3EF9AF6317577D88006F9399 /* fmdb */ = {
			isa = PBXGroup;
			children = (
				3EF9AF6D17577DA2006F9399 /* FMDatabase.m */,
				3EF9AF6E17577DA2006F9399 /* FMDatabaseAdditions.m */,
				3EF9AF6F17577DA2006F9399 /* FMDatabasePool.m */,
				3EF9AF7017577DA2006F9399 /* FMDatabaseQueue.m */,
				3EF9AF7117577DA2006F9399 /* fmdb.m */,
				3EF9AF7217577DA2006F9399 /* FMResultSet.m */,
				3EF9AF6417577D88006F9399 /* Supporting Files */,
			);
			path = fmdb;
			sourceTree = "<group>";
		};
		3EF9AF6417577D88006F9399 /* Supporting Files */ = {
			isa = PBXGroup;
			children = (
				3EF9AF6517577D88006F9399 /* fmdb-Prefix.pch */,
			);
			name = "Supporting Files";
			sourceTree = "<group>";
		};
/* End PBXGroup section */

/* Begin PBXNativeTarget section */
		3EF9AF2617577993006F9399 /* asi-http-request */ = {
			isa = PBXNativeTarget;
			buildConfigurationList = 3EF9AF3017577993006F9399 /* Build configuration list for PBXNativeTarget "asi-http-request" */;
			buildPhases = (
				3EF9AF2317577993006F9399 /* Sources */,
				3EF9AF2417577993006F9399 /* Frameworks */,
				3EF9AF2517577993006F9399 /* CopyFiles */,
			);
			buildRules = (
			);
			dependencies = (
			);
			name = "asi-http-request";
			productName = "asi-http-request";
			productReference = 3EF9AF2717577993006F9399 /* libasi-http-request.a */;
			productType = "com.apple.product-type.library.static";
		};
		3EF9AF6017577D88006F9399 /* fmdb */ = {
			isa = PBXNativeTarget;
			buildConfigurationList = 3EF9AF6A17577D88006F9399 /* Build configuration list for PBXNativeTarget "fmdb" */;
			buildPhases = (
				3EF9AF5D17577D88006F9399 /* Sources */,
				3EF9AF5E17577D88006F9399 /* Frameworks */,
				3EF9AF5F17577D88006F9399 /* CopyFiles */,
			);
			buildRules = (
			);
			dependencies = (
			);
			name = fmdb;
			productName = fmdb;
			productReference = 3EF9AF6117577D88006F9399 /* libfmdb.a */;
			productType = "com.apple.product-type.library.static";
		};
/* End PBXNativeTarget section */

/* Begin PBXProject section */
		3EF9AF0A175778A1006F9399 /* Project object */ = {
			isa = PBXProject;
			attributes = {
				LastUpgradeCheck = 0460;
				ORGANIZATIONNAME = yangzexin;
			};
			buildConfigurationList = 3EF9AF0D175778A1006F9399 /* Build configuration list for PBXProject "WorkspaceLibs" */;
			compatibilityVersion = "Xcode 3.2";
			developmentRegion = English;
			hasScannedForEncodings = 0;
			knownRegions = (
				en,
			);
			mainGroup = 3EF9AF09175778A1006F9399;
			productRefGroup = 3EF9AF13175778A1006F9399 /* Products */;
			projectDirPath = "";
			projectRoot = "";
			targets = (
				3EF9AF2617577993006F9399 /* asi-http-request */,
				3EF9AF6017577D88006F9399 /* fmdb */,
			);
		};
/* End PBXProject section */

/* Begin PBXSourcesBuildPhase section */
		3EF9AF2317577993006F9399 /* Sources */ = {
			isa = PBXSourcesBuildPhase;
			buildActionMask = 2147483647;
			files = (
				3EF9AF4A17577B84006F9399 /* Reachability.m in Sources */,
				3EF9AF5317577C36006F9399 /* ASIAuthenticationDialog.m in Sources */,
				3EF9AF5417577C36006F9399 /* ASIDataCompressor.m in Sources */,
				3EF9AF5517577C36006F9399 /* ASIDataDecompressor.m in Sources */,
				3EF9AF5617577C36006F9399 /* ASIDownloadCache.m in Sources */,
				3EF9AF5717577C36006F9399 /* ASIFormDataRequest.m in Sources */,
				3EF9AF5817577C36006F9399 /* ASIHTTPRequest.m in Sources */,
				3EF9AF5917577C36006F9399 /* ASIInputStream.m in Sources */,
				3EF9AF5A17577C36006F9399 /* ASINetworkQueue.m in Sources */,
				3EF9AF5C17577C52006F9399 /* ASIWebPageRequest.m in Sources */,
			);
			runOnlyForDeploymentPostprocessing = 0;
		};
		3EF9AF5D17577D88006F9399 /* Sources */ = {
			isa = PBXSourcesBuildPhase;
			buildActionMask = 2147483647;
			files = (
				3EF9AF7317577DA2006F9399 /* FMDatabase.m in Sources */,
				3EF9AF7417577DA2006F9399 /* FMDatabaseAdditions.m in Sources */,
				3EF9AF7517577DA2006F9399 /* FMDatabasePool.m in Sources */,
				3EF9AF7617577DA2006F9399 /* FMDatabaseQueue.m in Sources */,
				3EF9AF7717577DA2006F9399 /* fmdb.m in Sources */,
				3EF9AF7817577DA2006F9399 /* FMResultSet.m in Sources */,
			);
			runOnlyForDeploymentPostprocessing = 0;
		};
/* End PBXSourcesBuildPhase section */

/* Begin XCBuildConfiguration section */
		3EF9AF1E175778A1006F9399 /* Debug */ = {
			isa = XCBuildConfiguration;
			buildSettings = {
				ALWAYS_SEARCH_USER_PATHS = NO;
				CLANG_CXX_LANGUAGE_STANDARD = "gnu++0x";
				CLANG_CXX_LIBRARY = "libc++";
				CLANG_WARN_CONSTANT_CONVERSION = YES;
				CLANG_WARN_EMPTY_BODY = YES;
				CLANG_WARN_ENUM_CONVERSION = YES;
				CLANG_WARN_INT_CONVERSION = YES;
				CLANG_WARN__DUPLICATE_METHOD_MATCH = YES;
				COPY_PHASE_STRIP = NO;
				GCC_C_LANGUAGE_STANDARD = gnu99;
				GCC_DYNAMIC_NO_PIC = NO;
				GCC_OPTIMIZATION_LEVEL = 0;
				GCC_PREPROCESSOR_DEFINITIONS = (
					"DEBUG=1",
					"$(inherited)",
				);
				GCC_SYMBOLS_PRIVATE_EXTERN = NO;
				GCC_WARN_ABOUT_RETURN_TYPE = YES;
				GCC_WARN_UNINITIALIZED_AUTOS = YES;
				GCC_WARN_UNUSED_VARIABLE = YES;
				IPHONEOS_DEPLOYMENT_TARGET = 6.1;
				ONLY_ACTIVE_ARCH = YES;
				SDKROOT = iphoneos;
			};
			name = Debug;
		};
		3EF9AF1F175778A1006F9399 /* Release */ = {
			isa = XCBuildConfiguration;
			buildSettings = {
				ALWAYS_SEARCH_USER_PATHS = NO;
				CLANG_CXX_LANGUAGE_STANDARD = "gnu++0x";
				CLANG_CXX_LIBRARY = "libc++";
				CLANG_WARN_CONSTANT_CONVERSION = YES;
				CLANG_WARN_EMPTY_BODY = YES;
				CLANG_WARN_ENUM_CONVERSION = YES;
				CLANG_WARN_INT_CONVERSION = YES;
				CLANG_WARN__DUPLICATE_METHOD_MATCH = YES;
				COPY_PHASE_STRIP = YES;
				GCC_C_LANGUAGE_STANDARD = gnu99;
				GCC_WARN_ABOUT_RETURN_TYPE = YES;
				GCC_WARN_UNINITIALIZED_AUTOS = YES;
				GCC_WARN_UNUSED_VARIABLE = YES;
				IPHONEOS_DEPLOYMENT_TARGET = 6.1;
				SDKROOT = iphoneos;
				VALIDATE_PRODUCT = YES;
			};
			name = Release;
		};
		3EF9AF3117577993006F9399 /* Debug */ = {
			isa = XCBuildConfiguration;
			buildSettings = {
				DSTROOT = /tmp/asi_http_request.dst;
				GCC_PRECOMPILE_PREFIX_HEADER = YES;
				GCC_PREFIX_HEADER = "asi-http-request/asi-http-request-Prefix.pch";
				HEADER_SEARCH_PATHS = /usr/include/libxml2;
				OTHER_LDFLAGS = "-ObjC";
				PRODUCT_NAME = "$(TARGET_NAME)";
				SKIP_INSTALL = YES;
				USER_HEADER_SEARCH_PATHS = "../libs/**";
			};
			name = Debug;
		};
		3EF9AF3217577993006F9399 /* Release */ = {
			isa = XCBuildConfiguration;
			buildSettings = {
				DSTROOT = /tmp/asi_http_request.dst;
				GCC_PRECOMPILE_PREFIX_HEADER = YES;
				GCC_PREFIX_HEADER = "asi-http-request/asi-http-request-Prefix.pch";
				HEADER_SEARCH_PATHS = /usr/include/libxml2;
				OTHER_LDFLAGS = "-ObjC";
				PRODUCT_NAME = "$(TARGET_NAME)";
				SKIP_INSTALL = YES;
				USER_HEADER_SEARCH_PATHS = "../libs/**";
			};
			name = Release;
		};
		3EF9AF6B17577D88006F9399 /* Debug */ = {
			isa = XCBuildConfiguration;
			buildSettings = {
				DSTROOT = /tmp/fmdb.dst;
				GCC_PRECOMPILE_PREFIX_HEADER = YES;
				GCC_PREFIX_HEADER = "fmdb/fmdb-Prefix.pch";
				OTHER_LDFLAGS = "-ObjC";
				PRODUCT_NAME = "$(TARGET_NAME)";
				SKIP_INSTALL = YES;
			};
			name = Debug;
		};
		3EF9AF6C17577D88006F9399 /* Release */ = {
			isa = XCBuildConfiguration;
			buildSettings = {
				DSTROOT = /tmp/fmdb.dst;
				GCC_PRECOMPILE_PREFIX_HEADER = YES;
				GCC_PREFIX_HEADER = "fmdb/fmdb-Prefix.pch";
				OTHER_LDFLAGS = "-ObjC";
				PRODUCT_NAME = "$(TARGET_NAME)";
				SKIP_INSTALL = YES;
			};
			name = Release;
		};
/* End XCBuildConfiguration section */

/* Begin XCConfigurationList section */
		3EF9AF0D175778A1006F9399 /* Build configuration list for PBXProject "WorkspaceLibs" */ = {
			isa = XCConfigurationList;
			buildConfigurations = (
				3EF9AF1E175778A1006F9399 /* Debug */,
				3EF9AF1F175778A1006F9399 /* Release */,
			);
			defaultConfigurationIsVisible = 0;
			defaultConfigurationName = Release;
		};
		3EF9AF3017577993006F9399 /* Build configuration list for PBXNativeTarget "asi-http-request" */ = {
			isa = XCConfigurationList;
			buildConfigurations = (
				3EF9AF3117577993006F9399 /* Debug */,
				3EF9AF3217577993006F9399 /* Release */,
			);
			defaultConfigurationIsVisible = 0;
			defaultConfigurationName = Release;
		};
		3EF9AF6A17577D88006F9399 /* Build configuration list for PBXNativeTarget "fmdb" */ = {
			isa = XCConfigurationList;
			buildConfigurations = (
				3EF9AF6B17577D88006F9399 /* Debug */,
				3EF9AF6C17577D88006F9399 /* Release */,
			);
			defaultConfigurationIsVisible = 0;
			defaultConfigurationName = Release;
		};
/* End XCConfigurationList section */
	};
	rootObject = 3EF9AF0A175778A1006F9399 /* Project object */;
}
