// !$*UTF8*$!
{
	archiveVersion = 1;
	classes = {
	};
	objectVersion = 46;
	objects = {

/* Begin PBXBuildFile section */
		3EB0AA7317577E3F004E9EBE /* Foundation.framework in Frameworks */ = {isa = PBXBuildFile; fileRef = 3EF9AF15175778A1006F9399 /* Foundation.framework */; };
		3EB0AAA517577EAF004E9EBE /* ioapi.c in Sources */ = {isa = PBXBuildFile; fileRef = 3EB0AAA017577EAF004E9EBE /* ioapi.c */; };
		3EB0AAA617577EAF004E9EBE /* mztools.c in Sources */ = {isa = PBXBuildFile; fileRef = 3EB0AAA117577EAF004E9EBE /* mztools.c */; };
		3EB0AAA717577EAF004E9EBE /* unzip.c in Sources */ = {isa = PBXBuildFile; fileRef = 3EB0AAA217577EAF004E9EBE /* unzip.c */; };
		3EB0AAA817577EAF004E9EBE /* zip.c in Sources */ = {isa = PBXBuildFile; fileRef = 3EB0AAA317577EAF004E9EBE /* zip.c */; };
		3EB0AAA917577EAF004E9EBE /* ZipArchive.m in Sources */ = {isa = PBXBuildFile; fileRef = 3EB0AAA417577EAF004E9EBE /* ZipArchive.m */; };
		3EB0AAAF17577EC0004E9EBE /* Foundation.framework in Frameworks */ = {isa = PBXBuildFile; fileRef = 3EF9AF15175778A1006F9399 /* Foundation.framework */; };
		3EB0AACC17577EE6004E9EBE /* GMAppleDouble.m in Sources */ = {isa = PBXBuildFile; fileRef = 3EB0AABA17577EE6004E9EBE /* GMAppleDouble.m */; };
		3EB0AACD17577EE6004E9EBE /* GMAppleDouble+ZKAdditions.m in Sources */ = {isa = PBXBuildFile; fileRef = 3EB0AABB17577EE6004E9EBE /* GMAppleDouble+ZKAdditions.m */; };
		3EB0AACE17577EE6004E9EBE /* NSData+ZKAdditions.m in Sources */ = {isa = PBXBuildFile; fileRef = 3EB0AABC17577EE6004E9EBE /* NSData+ZKAdditions.m */; };
		3EB0AACF17577EE6004E9EBE /* NSDate+ZKAdditions.m in Sources */ = {isa = PBXBuildFile; fileRef = 3EB0AABD17577EE6004E9EBE /* NSDate+ZKAdditions.m */; };
		3EB0AAD017577EE6004E9EBE /* NSDictionary+ZKAdditions.m in Sources */ = {isa = PBXBuildFile; fileRef = 3EB0AABE17577EE6004E9EBE /* NSDictionary+ZKAdditions.m */; };
		3EB0AAD117577EE6004E9EBE /* NSFileHandle+ZKAdditions.m in Sources */ = {isa = PBXBuildFile; fileRef = 3EB0AABF17577EE6004E9EBE /* NSFileHandle+ZKAdditions.m */; };
		3EB0AAD217577EE6004E9EBE /* NSFileManager+ZKAdditions.m in Sources */ = {isa = PBXBuildFile; fileRef = 3EB0AAC017577EE6004E9EBE /* NSFileManager+ZKAdditions.m */; };
		3EB0AAD317577EE6004E9EBE /* NSString+ZKAdditions.m in Sources */ = {isa = PBXBuildFile; fileRef = 3EB0AAC117577EE6004E9EBE /* NSString+ZKAdditions.m */; };
		3EB0AAD417577EE6004E9EBE /* ZKArchive.m in Sources */ = {isa = PBXBuildFile; fileRef = 3EB0AAC217577EE6004E9EBE /* ZKArchive.m */; };
		3EB0AAD517577EE6004E9EBE /* ZKCDHeader.m in Sources */ = {isa = PBXBuildFile; fileRef = 3EB0AAC317577EE6004E9EBE /* ZKCDHeader.m */; };
		3EB0AAD617577EE6004E9EBE /* ZKCDTrailer.m in Sources */ = {isa = PBXBuildFile; fileRef = 3EB0AAC417577EE6004E9EBE /* ZKCDTrailer.m */; };
		3EB0AAD717577EE6004E9EBE /* ZKCDTrailer64.m in Sources */ = {isa = PBXBuildFile; fileRef = 3EB0AAC517577EE6004E9EBE /* ZKCDTrailer64.m */; };
		3EB0AAD817577EE6004E9EBE /* ZKCDTrailer64Locator.m in Sources */ = {isa = PBXBuildFile; fileRef = 3EB0AAC617577EE6004E9EBE /* ZKCDTrailer64Locator.m */; };
		3EB0AAD917577EE6004E9EBE /* ZKDataArchive.m in Sources */ = {isa = PBXBuildFile; fileRef = 3EB0AAC717577EE6004E9EBE /* ZKDataArchive.m */; };
		3EB0AADA17577EE6004E9EBE /* ZKDefs.m in Sources */ = {isa = PBXBuildFile; fileRef = 3EB0AAC817577EE6004E9EBE /* ZKDefs.m */; };
		3EB0AADB17577EE6004E9EBE /* ZKFileArchive.m in Sources */ = {isa = PBXBuildFile; fileRef = 3EB0AAC917577EE6004E9EBE /* ZKFileArchive.m */; };
		3EB0AADC17577EE6004E9EBE /* ZKLFHeader.m in Sources */ = {isa = PBXBuildFile; fileRef = 3EB0AACA17577EE6004E9EBE /* ZKLFHeader.m */; };
		3EB0AADD17577EE6004E9EBE /* ZKLog.m in Sources */ = {isa = PBXBuildFile; fileRef = 3EB0AACB17577EE6004E9EBE /* ZKLog.m */; };
		3EF9AF2817577993006F9399 /* Foundation.framework in Frameworks */ = {isa = PBXBuildFile; fileRef = 3EF9AF15175778A1006F9399 /* Foundation.framework */; };
		3EF9AF4A17577B84006F9399 /* Reachability.m in Sources */ = {isa = PBXBuildFile; fileRef = 3EF9AF4917577B84006F9399 /* Reachability.m */; };
		3EF9AF5317577C36006F9399 /* ASIAuthenticationDialog.m in Sources */ = {isa = PBXBuildFile; fileRef = 3EF9AF4B17577C36006F9399 /* ASIAuthenticationDialog.m */; };
		3EF9AF5417577C36006F9399 /* ASIDataCompressor.m in Sources */ = {isa = PBXBuildFile; fileRef = 3EF9AF4C17577C36006F9399 /* ASIDataCompressor.m */; };
		3EF9AF5517577C36006F9399 /* ASIDataDecompressor.m in Sources */ = {isa = PBXBuildFile; fileRef = 3EF9AF4D17577C36006F9399 /* ASIDataDecompressor.m */; };
		3EF9AF5617577C36006F9399 /* ASIDownloadCache.m in Sources */ = {isa = PBXBuildFile; fileRef = 3EF9AF4E17577C36006F9399 /* ASIDownloadCache.m */; };
		3EF9AF5717577C36006F9399 /* ASIFormDataRequest.m in Sources */ = {isa = PBXBuildFile; fileRef = 3EF9AF4F17577C36006F9399 /* ASIFormDataRequest.m */; };
		3EF9AF5817577C36006F9399 /* ASIHTTPRequest.m in Sources */ = {isa = PBXBuildFile; fileRef = 3EF9AF5017577C36006F9399 /* ASIHTTPRequest.m */; };
		3EF9AF5917577C36006F9399 /* ASIInputStream.m in Sources */ = {isa = PBXBuildFile; fileRef = 3EF9AF5117577C36006F9399 /* ASIInputStream.m */; };
		3EF9AF5A17577C36006F9399 /* ASINetworkQueue.m in Sources */ = {isa = PBXBuildFile; fileRef = 3EF9AF5217577C36006F9399 /* ASINetworkQueue.m */; };
		3EF9AF5C17577C52006F9399 /* ASIWebPageRequest.m in Sources */ = {isa = PBXBuildFile; fileRef = 3EF9AF5B17577C52006F9399 /* ASIWebPageRequest.m */; };
		3EF9AF6217577D88006F9399 /* Foundation.framework in Frameworks */ = {isa = PBXBuildFile; fileRef = 3EF9AF15175778A1006F9399 /* Foundation.framework */; };
		3EF9AF7317577DA2006F9399 /* FMDatabase.m in Sources */ = {isa = PBXBuildFile; fileRef = 3EF9AF6D17577DA2006F9399 /* FMDatabase.m */; };
		3EF9AF7417577DA2006F9399 /* FMDatabaseAdditions.m in Sources */ = {isa = PBXBuildFile; fileRef = 3EF9AF6E17577DA2006F9399 /* FMDatabaseAdditions.m */; };
		3EF9AF7517577DA2006F9399 /* FMDatabasePool.m in Sources */ = {isa = PBXBuildFile; fileRef = 3EF9AF6F17577DA2006F9399 /* FMDatabasePool.m */; };
		3EF9AF7617577DA2006F9399 /* FMDatabaseQueue.m in Sources */ = {isa = PBXBuildFile; fileRef = 3EF9AF7017577DA2006F9399 /* FMDatabaseQueue.m */; };
		3EF9AF7817577DA2006F9399 /* FMResultSet.m in Sources */ = {isa = PBXBuildFile; fileRef = 3EF9AF7217577DA2006F9399 /* FMResultSet.m */; };
/* End PBXBuildFile section */

/* Begin PBXCopyFilesBuildPhase section */
		3EB0AA7017577E3F004E9EBE /* CopyFiles */ = {
			isa = PBXCopyFilesBuildPhase;
			buildActionMask = 2147483647;
			dstPath = "include/${PRODUCT_NAME}";
			dstSubfolderSpec = 16;
			files = (
			);
			runOnlyForDeploymentPostprocessing = 0;
		};
		3EB0AAAC17577EC0004E9EBE /* CopyFiles */ = {
			isa = PBXCopyFilesBuildPhase;
			buildActionMask = 2147483647;
			dstPath = "include/${PRODUCT_NAME}";
			dstSubfolderSpec = 16;
			files = (
			);
			runOnlyForDeploymentPostprocessing = 0;
		};
		3EF9AF2517577993006F9399 /* CopyFiles */ = {
			isa = PBXCopyFilesBuildPhase;
			buildActionMask = 2147483647;
			dstPath = "include/${PRODUCT_NAME}";
			dstSubfolderSpec = 16;
			files = (
			);
			runOnlyForDeploymentPostprocessing = 0;
		};
		3EF9AF5F17577D88006F9399 /* CopyFiles */ = {
			isa = PBXCopyFilesBuildPhase;
			buildActionMask = 2147483647;
			dstPath = "include/${PRODUCT_NAME}";
			dstSubfolderSpec = 16;
			files = (
			);
			runOnlyForDeploymentPostprocessing = 0;
		};
/* End PBXCopyFilesBuildPhase section */

/* Begin PBXFileReference section */
		3EB0AA7217577E3F004E9EBE /* libZipArchive.a */ = {isa = PBXFileReference; explicitFileType = archive.ar; includeInIndex = 0; path = libZipArchive.a; sourceTree = BUILT_PRODUCTS_DIR; };
		3EB0AA7617577E3F004E9EBE /* ZipArchive-Prefix.pch */ = {isa = PBXFileReference; lastKnownFileType = sourcecode.c.h; path = "ZipArchive-Prefix.pch"; sourceTree = "<group>"; };
		3EB0AAA017577EAF004E9EBE /* ioapi.c */ = {isa = PBXFileReference; fileEncoding = 4; lastKnownFileType = sourcecode.c.c; name = ioapi.c; path = ../../libs/ZipArchive/minizip/ioapi.c; sourceTree = "<group>"; };
		3EB0AAA117577EAF004E9EBE /* mztools.c */ = {isa = PBXFileReference; fileEncoding = 4; lastKnownFileType = sourcecode.c.c; name = mztools.c; path = ../../libs/ZipArchive/minizip/mztools.c; sourceTree = "<group>"; };
		3EB0AAA217577EAF004E9EBE /* unzip.c */ = {isa = PBXFileReference; fileEncoding = 4; lastKnownFileType = sourcecode.c.c; name = unzip.c; path = ../../libs/ZipArchive/minizip/unzip.c; sourceTree = "<group>"; };
		3EB0AAA317577EAF004E9EBE /* zip.c */ = {isa = PBXFileReference; fileEncoding = 4; lastKnownFileType = sourcecode.c.c; name = zip.c; path = ../../libs/ZipArchive/minizip/zip.c; sourceTree = "<group>"; };
		3EB0AAA417577EAF004E9EBE /* ZipArchive.m */ = {isa = PBXFileReference; fileEncoding = 4; lastKnownFileType = sourcecode.c.objc; name = ZipArchive.m; path = ../../libs/ZipArchive/ZipArchive.m; sourceTree = "<group>"; };
		3EB0AAAE17577EC0004E9EBE /* libZipKit.a */ = {isa = PBXFileReference; explicitFileType = archive.ar; includeInIndex = 0; path = libZipKit.a; sourceTree = BUILT_PRODUCTS_DIR; };
		3EB0AAB217577EC0004E9EBE /* ZipKit-Prefix.pch */ = {isa = PBXFileReference; lastKnownFileType = sourcecode.c.h; path = "ZipKit-Prefix.pch"; sourceTree = "<group>"; };
		3EB0AABA17577EE6004E9EBE /* GMAppleDouble.m */ = {isa = PBXFileReference; fileEncoding = 4; lastKnownFileType = sourcecode.c.objc; name = GMAppleDouble.m; path = ../../libs/ZipKit/MacFUSE/GMAppleDouble.m; sourceTree = "<group>"; };
		3EB0AABB17577EE6004E9EBE /* GMAppleDouble+ZKAdditions.m */ = {isa = PBXFileReference; fileEncoding = 4; lastKnownFileType = sourcecode.c.objc; name = "GMAppleDouble+ZKAdditions.m"; path = "../../libs/ZipKit/GMAppleDouble+ZKAdditions.m"; sourceTree = "<group>"; };
		3EB0AABC17577EE6004E9EBE /* NSData+ZKAdditions.m */ = {isa = PBXFileReference; fileEncoding = 4; lastKnownFileType = sourcecode.c.objc; name = "NSData+ZKAdditions.m"; path = "../../libs/ZipKit/NSData+ZKAdditions.m"; sourceTree = "<group>"; };
		3EB0AABD17577EE6004E9EBE /* NSDate+ZKAdditions.m */ = {isa = PBXFileReference; fileEncoding = 4; lastKnownFileType = sourcecode.c.objc; name = "NSDate+ZKAdditions.m"; path = "../../libs/ZipKit/NSDate+ZKAdditions.m"; sourceTree = "<group>"; };
		3EB0AABE17577EE6004E9EBE /* NSDictionary+ZKAdditions.m */ = {isa = PBXFileReference; fileEncoding = 4; lastKnownFileType = sourcecode.c.objc; name = "NSDictionary+ZKAdditions.m"; path = "../../libs/ZipKit/NSDictionary+ZKAdditions.m"; sourceTree = "<group>"; };
		3EB0AABF17577EE6004E9EBE /* NSFileHandle+ZKAdditions.m */ = {isa = PBXFileReference; fileEncoding = 4; lastKnownFileType = sourcecode.c.objc; name = "NSFileHandle+ZKAdditions.m"; path = "../../libs/ZipKit/NSFileHandle+ZKAdditions.m"; sourceTree = "<group>"; };
		3EB0AAC017577EE6004E9EBE /* NSFileManager+ZKAdditions.m */ = {isa = PBXFileReference; fileEncoding = 4; lastKnownFileType = sourcecode.c.objc; name = "NSFileManager+ZKAdditions.m"; path = "../../libs/ZipKit/NSFileManager+ZKAdditions.m"; sourceTree = "<group>"; };
		3EB0AAC117577EE6004E9EBE /* NSString+ZKAdditions.m */ = {isa = PBXFileReference; fileEncoding = 4; lastKnownFileType = sourcecode.c.objc; name = "NSString+ZKAdditions.m"; path = "../../libs/ZipKit/NSString+ZKAdditions.m"; sourceTree = "<group>"; };
		3EB0AAC217577EE6004E9EBE /* ZKArchive.m */ = {isa = PBXFileReference; fileEncoding = 4; lastKnownFileType = sourcecode.c.objc; name = ZKArchive.m; path = ../../libs/ZipKit/ZKArchive.m; sourceTree = "<group>"; };
		3EB0AAC317577EE6004E9EBE /* ZKCDHeader.m */ = {isa = PBXFileReference; fileEncoding = 4; lastKnownFileType = sourcecode.c.objc; name = ZKCDHeader.m; path = ../../libs/ZipKit/ZKCDHeader.m; sourceTree = "<group>"; };
		3EB0AAC417577EE6004E9EBE /* ZKCDTrailer.m */ = {isa = PBXFileReference; fileEncoding = 4; lastKnownFileType = sourcecode.c.objc; name = ZKCDTrailer.m; path = ../../libs/ZipKit/ZKCDTrailer.m; sourceTree = "<group>"; };
		3EB0AAC517577EE6004E9EBE /* ZKCDTrailer64.m */ = {isa = PBXFileReference; fileEncoding = 4; lastKnownFileType = sourcecode.c.objc; name = ZKCDTrailer64.m; path = ../../libs/ZipKit/ZKCDTrailer64.m; sourceTree = "<group>"; };
		3EB0AAC617577EE6004E9EBE /* ZKCDTrailer64Locator.m */ = {isa = PBXFileReference; fileEncoding = 4; lastKnownFileType = sourcecode.c.objc; name = ZKCDTrailer64Locator.m; path = ../../libs/ZipKit/ZKCDTrailer64Locator.m; sourceTree = "<group>"; };
		3EB0AAC717577EE6004E9EBE /* ZKDataArchive.m */ = {isa = PBXFileReference; fileEncoding = 4; lastKnownFileType = sourcecode.c.objc; name = ZKDataArchive.m; path = ../../libs/ZipKit/ZKDataArchive.m; sourceTree = "<group>"; };
		3EB0AAC817577EE6004E9EBE /* ZKDefs.m */ = {isa = PBXFileReference; fileEncoding = 4; lastKnownFileType = sourcecode.c.objc; name = ZKDefs.m; path = ../../libs/ZipKit/ZKDefs.m; sourceTree = "<group>"; };
		3EB0AAC917577EE6004E9EBE /* ZKFileArchive.m */ = {isa = PBXFileReference; fileEncoding = 4; lastKnownFileType = sourcecode.c.objc; name = ZKFileArchive.m; path = ../../libs/ZipKit/ZKFileArchive.m; sourceTree = "<group>"; };
		3EB0AACA17577EE6004E9EBE /* ZKLFHeader.m */ = {isa = PBXFileReference; fileEncoding = 4; lastKnownFileType = sourcecode.c.objc; name = ZKLFHeader.m; path = ../../libs/ZipKit/ZKLFHeader.m; sourceTree = "<group>"; };
		3EB0AACB17577EE6004E9EBE /* ZKLog.m */ = {isa = PBXFileReference; fileEncoding = 4; lastKnownFileType = sourcecode.c.objc; name = ZKLog.m; path = ../../libs/ZipKit/ZKLog.m; sourceTree = "<group>"; };
		3EF9AF15175778A1006F9399 /* Foundation.framework */ = {isa = PBXFileReference; lastKnownFileType = wrapper.framework; name = Foundation.framework; path = System/Library/Frameworks/Foundation.framework; sourceTree = SDKROOT; };
		3EF9AF2717577993006F9399 /* libasi-http-request.a */ = {isa = PBXFileReference; explicitFileType = archive.ar; includeInIndex = 0; path = "libasi-http-request.a"; sourceTree = BUILT_PRODUCTS_DIR; };
		3EF9AF2B17577993006F9399 /* asi-http-request-Prefix.pch */ = {isa = PBXFileReference; lastKnownFileType = sourcecode.c.h; path = "asi-http-request-Prefix.pch"; sourceTree = "<group>"; };
		3EF9AF4917577B84006F9399 /* Reachability.m */ = {isa = PBXFileReference; fileEncoding = 4; lastKnownFileType = sourcecode.c.objc; name = Reachability.m; path = "../../libs/asi-http-request/External/Reachability/Reachability.m"; sourceTree = "<group>"; };
		3EF9AF4B17577C36006F9399 /* ASIAuthenticationDialog.m */ = {isa = PBXFileReference; fileEncoding = 4; lastKnownFileType = sourcecode.c.objc; name = ASIAuthenticationDialog.m; path = "../../libs/asi-http-request/Classes/ASIAuthenticationDialog.m"; sourceTree = "<group>"; };
		3EF9AF4C17577C36006F9399 /* ASIDataCompressor.m */ = {isa = PBXFileReference; fileEncoding = 4; lastKnownFileType = sourcecode.c.objc; name = ASIDataCompressor.m; path = "../../libs/asi-http-request/Classes/ASIDataCompressor.m"; sourceTree = "<group>"; };
		3EF9AF4D17577C36006F9399 /* ASIDataDecompressor.m */ = {isa = PBXFileReference; fileEncoding = 4; lastKnownFileType = sourcecode.c.objc; name = ASIDataDecompressor.m; path = "../../libs/asi-http-request/Classes/ASIDataDecompressor.m"; sourceTree = "<group>"; };
		3EF9AF4E17577C36006F9399 /* ASIDownloadCache.m */ = {isa = PBXFileReference; fileEncoding = 4; lastKnownFileType = sourcecode.c.objc; name = ASIDownloadCache.m; path = "../../libs/asi-http-request/Classes/ASIDownloadCache.m"; sourceTree = "<group>"; };
		3EF9AF4F17577C36006F9399 /* ASIFormDataRequest.m */ = {isa = PBXFileReference; fileEncoding = 4; lastKnownFileType = sourcecode.c.objc; name = ASIFormDataRequest.m; path = "../../libs/asi-http-request/Classes/ASIFormDataRequest.m"; sourceTree = "<group>"; };
		3EF9AF5017577C36006F9399 /* ASIHTTPRequest.m */ = {isa = PBXFileReference; fileEncoding = 4; lastKnownFileType = sourcecode.c.objc; name = ASIHTTPRequest.m; path = "../../libs/asi-http-request/Classes/ASIHTTPRequest.m"; sourceTree = "<group>"; };
		3EF9AF5117577C36006F9399 /* ASIInputStream.m */ = {isa = PBXFileReference; fileEncoding = 4; lastKnownFileType = sourcecode.c.objc; name = ASIInputStream.m; path = "../../libs/asi-http-request/Classes/ASIInputStream.m"; sourceTree = "<group>"; };
		3EF9AF5217577C36006F9399 /* ASINetworkQueue.m */ = {isa = PBXFileReference; fileEncoding = 4; lastKnownFileType = sourcecode.c.objc; name = ASINetworkQueue.m; path = "../../libs/asi-http-request/Classes/ASINetworkQueue.m"; sourceTree = "<group>"; };
		3EF9AF5B17577C52006F9399 /* ASIWebPageRequest.m */ = {isa = PBXFileReference; fileEncoding = 4; lastKnownFileType = sourcecode.c.objc; name = ASIWebPageRequest.m; path = "../../libs/asi-http-request/Classes/ASIWebPageRequest/ASIWebPageRequest.m"; sourceTree = "<group>"; };
		3EF9AF6117577D88006F9399 /* libfmdb.a */ = {isa = PBXFileReference; explicitFileType = archive.ar; includeInIndex = 0; path = libfmdb.a; sourceTree = BUILT_PRODUCTS_DIR; };
		3EF9AF6517577D88006F9399 /* fmdb-Prefix.pch */ = {isa = PBXFileReference; lastKnownFileType = sourcecode.c.h; path = "fmdb-Prefix.pch"; sourceTree = "<group>"; };
		3EF9AF6D17577DA2006F9399 /* FMDatabase.m */ = {isa = PBXFileReference; fileEncoding = 4; lastKnownFileType = sourcecode.c.objc; name = FMDatabase.m; path = ../../libs/fmdb/src/FMDatabase.m; sourceTree = "<group>"; };
		3EF9AF6E17577DA2006F9399 /* FMDatabaseAdditions.m */ = {isa = PBXFileReference; fileEncoding = 4; lastKnownFileType = sourcecode.c.objc; name = FMDatabaseAdditions.m; path = ../../libs/fmdb/src/FMDatabaseAdditions.m; sourceTree = "<group>"; };
		3EF9AF6F17577DA2006F9399 /* FMDatabasePool.m */ = {isa = PBXFileReference; fileEncoding = 4; lastKnownFileType = sourcecode.c.objc; name = FMDatabasePool.m; path = ../../libs/fmdb/src/FMDatabasePool.m; sourceTree = "<group>"; };
		3EF9AF7017577DA2006F9399 /* FMDatabaseQueue.m */ = {isa = PBXFileReference; fileEncoding = 4; lastKnownFileType = sourcecode.c.objc; name = FMDatabaseQueue.m; path = ../../libs/fmdb/src/FMDatabaseQueue.m; sourceTree = "<group>"; };
		3EF9AF7217577DA2006F9399 /* FMResultSet.m */ = {isa = PBXFileReference; fileEncoding = 4; lastKnownFileType = sourcecode.c.objc; name = FMResultSet.m; path = ../../libs/fmdb/src/FMResultSet.m; sourceTree = "<group>"; };
/* End PBXFileReference section */

/* Begin PBXFrameworksBuildPhase section */
		3EB0AA6F17577E3F004E9EBE /* Frameworks */ = {
			isa = PBXFrameworksBuildPhase;
			buildActionMask = 2147483647;
			files = (
				3EB0AA7317577E3F004E9EBE /* Foundation.framework in Frameworks */,
			);
			runOnlyForDeploymentPostprocessing = 0;
		};
		3EB0AAAB17577EC0004E9EBE /* Frameworks */ = {
			isa = PBXFrameworksBuildPhase;
			buildActionMask = 2147483647;
			files = (
				3EB0AAAF17577EC0004E9EBE /* Foundation.framework in Frameworks */,
			);
			runOnlyForDeploymentPostprocessing = 0;
		};
		3EF9AF2417577993006F9399 /* Frameworks */ = {
			isa = PBXFrameworksBuildPhase;
			buildActionMask = 2147483647;
			files = (
				3EF9AF2817577993006F9399 /* Foundation.framework in Frameworks */,
			);
			runOnlyForDeploymentPostprocessing = 0;
		};
		3EF9AF5E17577D88006F9399 /* Frameworks */ = {
			isa = PBXFrameworksBuildPhase;
			buildActionMask = 2147483647;
			files = (
				3EF9AF6217577D88006F9399 /* Foundation.framework in Frameworks */,
			);
			runOnlyForDeploymentPostprocessing = 0;
		};
/* End PBXFrameworksBuildPhase section */

/* Begin PBXGroup section */
		3EB0AA7417577E3F004E9EBE /* ZipArchive */ = {
			isa = PBXGroup;
			children = (
				3EB0AAA017577EAF004E9EBE /* ioapi.c */,
				3EB0AAA117577EAF004E9EBE /* mztools.c */,
				3EB0AAA217577EAF004E9EBE /* unzip.c */,
				3EB0AAA317577EAF004E9EBE /* zip.c */,
				3EB0AAA417577EAF004E9EBE /* ZipArchive.m */,
				3EB0AA7517577E3F004E9EBE /* Supporting Files */,
			);
			path = ZipArchive;
			sourceTree = "<group>";
		};
		3EB0AA7517577E3F004E9EBE /* Supporting Files */ = {
			isa = PBXGroup;
			children = (
				3EB0AA7617577E3F004E9EBE /* ZipArchive-Prefix.pch */,
			);
			name = "Supporting Files";
			sourceTree = "<group>";
		};
		3EB0AAB017577EC0004E9EBE /* ZipKit */ = {
			isa = PBXGroup;
			children = (
				3EB0AABA17577EE6004E9EBE /* GMAppleDouble.m */,
				3EB0AABB17577EE6004E9EBE /* GMAppleDouble+ZKAdditions.m */,
				3EB0AABC17577EE6004E9EBE /* NSData+ZKAdditions.m */,
				3EB0AABD17577EE6004E9EBE /* NSDate+ZKAdditions.m */,
				3EB0AABE17577EE6004E9EBE /* NSDictionary+ZKAdditions.m */,
				3EB0AABF17577EE6004E9EBE /* NSFileHandle+ZKAdditions.m */,
				3EB0AAC017577EE6004E9EBE /* NSFileManager+ZKAdditions.m */,
				3EB0AAC117577EE6004E9EBE /* NSString+ZKAdditions.m */,
				3EB0AAC217577EE6004E9EBE /* ZKArchive.m */,
				3EB0AAC317577EE6004E9EBE /* ZKCDHeader.m */,
				3EB0AAC417577EE6004E9EBE /* ZKCDTrailer.m */,
				3EB0AAC517577EE6004E9EBE /* ZKCDTrailer64.m */,
				3EB0AAC617577EE6004E9EBE /* ZKCDTrailer64Locator.m */,
				3EB0AAC717577EE6004E9EBE /* ZKDataArchive.m */,
				3EB0AAC817577EE6004E9EBE /* ZKDefs.m */,
				3EB0AAC917577EE6004E9EBE /* ZKFileArchive.m */,
				3EB0AACA17577EE6004E9EBE /* ZKLFHeader.m */,
				3EB0AACB17577EE6004E9EBE /* ZKLog.m */,
				3EB0AAB117577EC0004E9EBE /* Supporting Files */,
			);
			path = ZipKit;
			sourceTree = "<group>";
		};
		3EB0AAB117577EC0004E9EBE /* Supporting Files */ = {
			isa = PBXGroup;
			children = (
				3EB0AAB217577EC0004E9EBE /* ZipKit-Prefix.pch */,
			);
			name = "Supporting Files";
			sourceTree = "<group>";
		};
		3EF9AF09175778A1006F9399 = {
			isa = PBXGroup;
			children = (
				3EF9AF2917577993006F9399 /* asi-http-request */,
				3EF9AF6317577D88006F9399 /* fmdb */,
				3EB0AA7417577E3F004E9EBE /* ZipArchive */,
				3EB0AAB017577EC0004E9EBE /* ZipKit */,
				3EF9AF14175778A1006F9399 /* Frameworks */,
				3EF9AF13175778A1006F9399 /* Products */,
			);
			sourceTree = "<group>";
		};
		3EF9AF13175778A1006F9399 /* Products */ = {
			isa = PBXGroup;
			children = (
				3EF9AF2717577993006F9399 /* libasi-http-request.a */,
				3EF9AF6117577D88006F9399 /* libfmdb.a */,
				3EB0AA7217577E3F004E9EBE /* libZipArchive.a */,
				3EB0AAAE17577EC0004E9EBE /* libZipKit.a */,
			);
			name = Products;
			sourceTree = "<group>";
		};
		3EF9AF14175778A1006F9399 /* Frameworks */ = {
			isa = PBXGroup;
			children = (
				3EF9AF15175778A1006F9399 /* Foundation.framework */,
			);
			name = Frameworks;
			sourceTree = "<group>";
		};
		3EF9AF2917577993006F9399 /* asi-http-request */ = {
			isa = PBXGroup;
			children = (
				3EF9AF5B17577C52006F9399 /* ASIWebPageRequest.m */,
				3EF9AF4B17577C36006F9399 /* ASIAuthenticationDialog.m */,
				3EF9AF4C17577C36006F9399 /* ASIDataCompressor.m */,
				3EF9AF4D17577C36006F9399 /* ASIDataDecompressor.m */,
				3EF9AF4E17577C36006F9399 /* ASIDownloadCache.m */,
				3EF9AF4F17577C36006F9399 /* ASIFormDataRequest.m */,
				3EF9AF5017577C36006F9399 /* ASIHTTPRequest.m */,
				3EF9AF5117577C36006F9399 /* ASIInputStream.m */,
				3EF9AF5217577C36006F9399 /* ASINetworkQueue.m */,
				3EF9AF4917577B84006F9399 /* Reachability.m */,
				3EF9AF2A17577993006F9399 /* Supporting Files */,
			);
			path = "asi-http-request";
			sourceTree = "<group>";
		};
		3EF9AF2A17577993006F9399 /* Supporting Files */ = {
			isa = PBXGroup;
			children = (
				3EF9AF2B17577993006F9399 /* asi-http-request-Prefix.pch */,
			);
			name = "Supporting Files";
			sourceTree = "<group>";
		};
		3EF9AF6317577D88006F9399 /* fmdb */ = {
			isa = PBXGroup;
			children = (
				3EF9AF6D17577DA2006F9399 /* FMDatabase.m */,
				3EF9AF6E17577DA2006F9399 /* FMDatabaseAdditions.m */,
				3EF9AF6F17577DA2006F9399 /* FMDatabasePool.m */,
				3EF9AF7017577DA2006F9399 /* FMDatabaseQueue.m */,
				3EF9AF7217577DA2006F9399 /* FMResultSet.m */,
				3EF9AF6417577D88006F9399 /* Supporting Files */,
			);
			path = fmdb;
			sourceTree = "<group>";
		};
		3EF9AF6417577D88006F9399 /* Supporting Files */ = {
			isa = PBXGroup;
			children = (
				3EF9AF6517577D88006F9399 /* fmdb-Prefix.pch */,
			);
			name = "Supporting Files";
			sourceTree = "<group>";
		};
/* End PBXGroup section */

/* Begin PBXNativeTarget section */
		3EB0AA7117577E3F004E9EBE /* ZipArchive */ = {
			isa = PBXNativeTarget;
			buildConfigurationList = 3EB0AA7B17577E3F004E9EBE /* Build configuration list for PBXNativeTarget "ZipArchive" */;
			buildPhases = (
				3EB0AA6E17577E3F004E9EBE /* Sources */,
				3EB0AA6F17577E3F004E9EBE /* Frameworks */,
				3EB0AA7017577E3F004E9EBE /* CopyFiles */,
			);
			buildRules = (
			);
			dependencies = (
			);
			name = ZipArchive;
			productName = ZipArchive;
			productReference = 3EB0AA7217577E3F004E9EBE /* libZipArchive.a */;
			productType = "com.apple.product-type.library.static";
		};
		3EB0AAAD17577EC0004E9EBE /* ZipKit */ = {
			isa = PBXNativeTarget;
			buildConfigurationList = 3EB0AAB717577EC0004E9EBE /* Build configuration list for PBXNativeTarget "ZipKit" */;
			buildPhases = (
				3EB0AAAA17577EC0004E9EBE /* Sources */,
				3EB0AAAB17577EC0004E9EBE /* Frameworks */,
				3EB0AAAC17577EC0004E9EBE /* CopyFiles */,
			);
			buildRules = (
			);
			dependencies = (
			);
			name = ZipKit;
			productName = ZipKit;
			productReference = 3EB0AAAE17577EC0004E9EBE /* libZipKit.a */;
			productType = "com.apple.product-type.library.static";
		};
		3EF9AF2617577993006F9399 /* asi-http-request */ = {
			isa = PBXNativeTarget;
			buildConfigurationList = 3EF9AF3017577993006F9399 /* Build configuration list for PBXNativeTarget "asi-http-request" */;
			buildPhases = (
				3EF9AF2317577993006F9399 /* Sources */,
				3EF9AF2417577993006F9399 /* Frameworks */,
				3EF9AF2517577993006F9399 /* CopyFiles */,
			);
			buildRules = (
			);
			dependencies = (
			);
			name = "asi-http-request";
			productName = "asi-http-request";
			productReference = 3EF9AF2717577993006F9399 /* libasi-http-request.a */;
			productType = "com.apple.product-type.library.static";
		};
		3EF9AF6017577D88006F9399 /* fmdb */ = {
			isa = PBXNativeTarget;
			buildConfigurationList = 3EF9AF6A17577D88006F9399 /* Build configuration list for PBXNativeTarget "fmdb" */;
			buildPhases = (
				3EF9AF5D17577D88006F9399 /* Sources */,
				3EF9AF5E17577D88006F9399 /* Frameworks */,
				3EF9AF5F17577D88006F9399 /* CopyFiles */,
			);
			buildRules = (
			);
			dependencies = (
			);
			name = fmdb;
			productName = fmdb;
			productReference = 3EF9AF6117577D88006F9399 /* libfmdb.a */;
			productType = "com.apple.product-type.library.static";
		};
/* End PBXNativeTarget section */

/* Begin PBXProject section */
		3EF9AF0A175778A1006F9399 /* Project object */ = {
			isa = PBXProject;
			attributes = {
				LastUpgradeCheck = 0460;
				ORGANIZATIONNAME = yangzexin;
			};
			buildConfigurationList = 3EF9AF0D175778A1006F9399 /* Build configuration list for PBXProject "WorkspaceLibs" */;
			compatibilityVersion = "Xcode 3.2";
			developmentRegion = English;
			hasScannedForEncodings = 0;
			knownRegions = (
				en,
			);
			mainGroup = 3EF9AF09175778A1006F9399;
			productRefGroup = 3EF9AF13175778A1006F9399 /* Products */;
			projectDirPath = "";
			projectRoot = "";
			targets = (
				3EF9AF2617577993006F9399 /* asi-http-request */,
				3EF9AF6017577D88006F9399 /* fmdb */,
				3EB0AA7117577E3F004E9EBE /* ZipArchive */,
				3EB0AAAD17577EC0004E9EBE /* ZipKit */,
			);
		};
/* End PBXProject section */

/* Begin PBXSourcesBuildPhase section */
		3EB0AA6E17577E3F004E9EBE /* Sources */ = {
			isa = PBXSourcesBuildPhase;
			buildActionMask = 2147483647;
			files = (
				3EB0AAA517577EAF004E9EBE /* ioapi.c in Sources */,
				3EB0AAA617577EAF004E9EBE /* mztools.c in Sources */,
				3EB0AAA717577EAF004E9EBE /* unzip.c in Sources */,
				3EB0AAA817577EAF004E9EBE /* zip.c in Sources */,
				3EB0AAA917577EAF004E9EBE /* ZipArchive.m in Sources */,
			);
			runOnlyForDeploymentPostprocessing = 0;
		};
		3EB0AAAA17577EC0004E9EBE /* Sources */ = {
			isa = PBXSourcesBuildPhase;
			buildActionMask = 2147483647;
			files = (
				3EB0AACC17577EE6004E9EBE /* GMAppleDouble.m in Sources */,
				3EB0AACD17577EE6004E9EBE /* GMAppleDouble+ZKAdditions.m in Sources */,
				3EB0AACE17577EE6004E9EBE /* NSData+ZKAdditions.m in Sources */,
				3EB0AACF17577EE6004E9EBE /* NSDate+ZKAdditions.m in Sources */,
				3EB0AAD017577EE6004E9EBE /* NSDictionary+ZKAdditions.m in Sources */,
				3EB0AAD117577EE6004E9EBE /* NSFileHandle+ZKAdditions.m in Sources */,
				3EB0AAD217577EE6004E9EBE /* NSFileManager+ZKAdditions.m in Sources */,
				3EB0AAD317577EE6004E9EBE /* NSString+ZKAdditions.m in Sources */,
				3EB0AAD417577EE6004E9EBE /* ZKArchive.m in Sources */,
				3EB0AAD517577EE6004E9EBE /* ZKCDHeader.m in Sources */,
				3EB0AAD617577EE6004E9EBE /* ZKCDTrailer.m in Sources */,
				3EB0AAD717577EE6004E9EBE /* ZKCDTrailer64.m in Sources */,
				3EB0AAD817577EE6004E9EBE /* ZKCDTrailer64Locator.m in Sources */,
				3EB0AAD917577EE6004E9EBE /* ZKDataArchive.m in Sources */,
				3EB0AADA17577EE6004E9EBE /* ZKDefs.m in Sources */,
				3EB0AADB17577EE6004E9EBE /* ZKFileArchive.m in Sources */,
				3EB0AADC17577EE6004E9EBE /* ZKLFHeader.m in Sources */,
				3EB0AADD17577EE6004E9EBE /* ZKLog.m in Sources */,
			);
			runOnlyForDeploymentPostprocessing = 0;
		};
		3EF9AF2317577993006F9399 /* Sources */ = {
			isa = PBXSourcesBuildPhase;
			buildActionMask = 2147483647;
			files = (
				3EF9AF4A17577B84006F9399 /* Reachability.m in Sources */,
				3EF9AF5317577C36006F9399 /* ASIAuthenticationDialog.m in Sources */,
				3EF9AF5417577C36006F9399 /* ASIDataCompressor.m in Sources */,
				3EF9AF5517577C36006F9399 /* ASIDataDecompressor.m in Sources */,
				3EF9AF5617577C36006F9399 /* ASIDownloadCache.m in Sources */,
				3EF9AF5717577C36006F9399 /* ASIFormDataRequest.m in Sources */,
				3EF9AF5817577C36006F9399 /* ASIHTTPRequest.m in Sources */,
				3EF9AF5917577C36006F9399 /* ASIInputStream.m in Sources */,
				3EF9AF5A17577C36006F9399 /* ASINetworkQueue.m in Sources */,
				3EF9AF5C17577C52006F9399 /* ASIWebPageRequest.m in Sources */,
			);
			runOnlyForDeploymentPostprocessing = 0;
		};
		3EF9AF5D17577D88006F9399 /* Sources */ = {
			isa = PBXSourcesBuildPhase;
			buildActionMask = 2147483647;
			files = (
				3EF9AF7317577DA2006F9399 /* FMDatabase.m in Sources */,
				3EF9AF7417577DA2006F9399 /* FMDatabaseAdditions.m in Sources */,
				3EF9AF7517577DA2006F9399 /* FMDatabasePool.m in Sources */,
				3EF9AF7617577DA2006F9399 /* FMDatabaseQueue.m in Sources */,
				3EF9AF7817577DA2006F9399 /* FMResultSet.m in Sources */,
			);
			runOnlyForDeploymentPostprocessing = 0;
		};
/* End PBXSourcesBuildPhase section */

/* Begin XCBuildConfiguration section */
		3EB0AA7C17577E3F004E9EBE /* Debug */ = {
			isa = XCBuildConfiguration;
			buildSettings = {
				DSTROOT = /tmp/ZipArchive.dst;
				GCC_PRECOMPILE_PREFIX_HEADER = YES;
				GCC_PREFIX_HEADER = "ZipArchive/ZipArchive-Prefix.pch";
				OTHER_LDFLAGS = "-ObjC";
				PRODUCT_NAME = "$(TARGET_NAME)";
				SKIP_INSTALL = YES;
				USER_HEADER_SEARCH_PATHS = "../libs/**";
			};
			name = Debug;
		};
		3EB0AA7D17577E3F004E9EBE /* Release */ = {
			isa = XCBuildConfiguration;
			buildSettings = {
				DSTROOT = /tmp/ZipArchive.dst;
				GCC_PRECOMPILE_PREFIX_HEADER = YES;
				GCC_PREFIX_HEADER = "ZipArchive/ZipArchive-Prefix.pch";
				OTHER_LDFLAGS = "-ObjC";
				PRODUCT_NAME = "$(TARGET_NAME)";
				SKIP_INSTALL = YES;
				USER_HEADER_SEARCH_PATHS = "../libs/**";
			};
			name = Release;
		};
		3EB0AAB817577EC0004E9EBE /* Debug */ = {
			isa = XCBuildConfiguration;
			buildSettings = {
				DSTROOT = /tmp/ZipKit.dst;
				GCC_PRECOMPILE_PREFIX_HEADER = YES;
				GCC_PREFIX_HEADER = "ZipKit/ZipKit-Prefix.pch";
				OTHER_LDFLAGS = "-ObjC";
				PRODUCT_NAME = "$(TARGET_NAME)";
				SKIP_INSTALL = YES;
				USER_HEADER_SEARCH_PATHS = "../libs/**";
			};
			name = Debug;
		};
		3EB0AAB917577EC0004E9EBE /* Release */ = {
			isa = XCBuildConfiguration;
			buildSettings = {
				DSTROOT = /tmp/ZipKit.dst;
				GCC_PRECOMPILE_PREFIX_HEADER = YES;
				GCC_PREFIX_HEADER = "ZipKit/ZipKit-Prefix.pch";
				OTHER_LDFLAGS = "-ObjC";
				PRODUCT_NAME = "$(TARGET_NAME)";
				SKIP_INSTALL = YES;
				USER_HEADER_SEARCH_PATHS = "../libs/**";
			};
			name = Release;
		};
		3EF9AF1E175778A1006F9399 /* Debug */ = {
			isa = XCBuildConfiguration;
			buildSettings = {
				ALWAYS_SEARCH_USER_PATHS = NO;
				CLANG_CXX_LANGUAGE_STANDARD = "gnu++0x";
				CLANG_CXX_LIBRARY = "libc++";
				CLANG_WARN_CONSTANT_CONVERSION = YES;
				CLANG_WARN_EMPTY_BODY = YES;
				CLANG_WARN_ENUM_CONVERSION = YES;
				CLANG_WARN_INT_CONVERSION = YES;
				CLANG_WARN__DUPLICATE_METHOD_MATCH = YES;
				COPY_PHASE_STRIP = NO;
				GCC_C_LANGUAGE_STANDARD = gnu99;
				GCC_DYNAMIC_NO_PIC = NO;
				GCC_OPTIMIZATION_LEVEL = 0;
				GCC_PREPROCESSOR_DEFINITIONS = (
					"DEBUG=1",
					"$(inherited)",
				);
				GCC_SYMBOLS_PRIVATE_EXTERN = NO;
				GCC_WARN_ABOUT_RETURN_TYPE = YES;
				GCC_WARN_UNINITIALIZED_AUTOS = YES;
				GCC_WARN_UNUSED_VARIABLE = YES;
				IPHONEOS_DEPLOYMENT_TARGET = 6.1;
				ONLY_ACTIVE_ARCH = YES;
				SDKROOT = iphoneos;
			};
			name = Debug;
		};
		3EF9AF1F175778A1006F9399 /* Release */ = {
			isa = XCBuildConfiguration;
			buildSettings = {
				ALWAYS_SEARCH_USER_PATHS = NO;
				CLANG_CXX_LANGUAGE_STANDARD = "gnu++0x";
				CLANG_CXX_LIBRARY = "libc++";
				CLANG_WARN_CONSTANT_CONVERSION = YES;
				CLANG_WARN_EMPTY_BODY = YES;
				CLANG_WARN_ENUM_CONVERSION = YES;
				CLANG_WARN_INT_CONVERSION = YES;
				CLANG_WARN__DUPLICATE_METHOD_MATCH = YES;
				COPY_PHASE_STRIP = YES;
				GCC_C_LANGUAGE_STANDARD = gnu99;
				GCC_WARN_ABOUT_RETURN_TYPE = YES;
				GCC_WARN_UNINITIALIZED_AUTOS = YES;
				GCC_WARN_UNUSED_VARIABLE = YES;
				IPHONEOS_DEPLOYMENT_TARGET = 6.1;
				SDKROOT = iphoneos;
				VALIDATE_PRODUCT = YES;
			};
			name = Release;
		};
		3EF9AF3117577993006F9399 /* Debug */ = {
			isa = XCBuildConfiguration;
			buildSettings = {
				DSTROOT = /tmp/asi_http_request.dst;
				GCC_PRECOMPILE_PREFIX_HEADER = YES;
				GCC_PREFIX_HEADER = "asi-http-request/asi-http-request-Prefix.pch";
				HEADER_SEARCH_PATHS = /usr/include/libxml2;
				OTHER_LDFLAGS = "-ObjC";
				PRODUCT_NAME = "$(TARGET_NAME)";
				SKIP_INSTALL = YES;
				USER_HEADER_SEARCH_PATHS = "../libs/**";
			};
			name = Debug;
		};
		3EF9AF3217577993006F9399 /* Release */ = {
			isa = XCBuildConfiguration;
			buildSettings = {
				DSTROOT = /tmp/asi_http_request.dst;
				GCC_PRECOMPILE_PREFIX_HEADER = YES;
				GCC_PREFIX_HEADER = "asi-http-request/asi-http-request-Prefix.pch";
				HEADER_SEARCH_PATHS = /usr/include/libxml2;
				OTHER_LDFLAGS = "-ObjC";
				PRODUCT_NAME = "$(TARGET_NAME)";
				SKIP_INSTALL = YES;
				USER_HEADER_SEARCH_PATHS = "../libs/**";
			};
			name = Release;
		};
		3EF9AF6B17577D88006F9399 /* Debug */ = {
			isa = XCBuildConfiguration;
			buildSettings = {
				DSTROOT = /tmp/fmdb.dst;
				GCC_PRECOMPILE_PREFIX_HEADER = YES;
				GCC_PREFIX_HEADER = "fmdb/fmdb-Prefix.pch";
				OTHER_LDFLAGS = "-ObjC";
				PRODUCT_NAME = "$(TARGET_NAME)";
				SKIP_INSTALL = YES;
				USER_HEADER_SEARCH_PATHS = "../libs/**";
			};
			name = Debug;
		};
		3EF9AF6C17577D88006F9399 /* Release */ = {
			isa = XCBuildConfiguration;
			buildSettings = {
				DSTROOT = /tmp/fmdb.dst;
				GCC_PRECOMPILE_PREFIX_HEADER = YES;
				GCC_PREFIX_HEADER = "fmdb/fmdb-Prefix.pch";
				OTHER_LDFLAGS = "-ObjC";
				PRODUCT_NAME = "$(TARGET_NAME)";
				SKIP_INSTALL = YES;
				USER_HEADER_SEARCH_PATHS = "../libs/**";
			};
			name = Release;
		};
/* End XCBuildConfiguration section */

/* Begin XCConfigurationList section */
		3EB0AA7B17577E3F004E9EBE /* Build configuration list for PBXNativeTarget "ZipArchive" */ = {
			isa = XCConfigurationList;
			buildConfigurations = (
				3EB0AA7C17577E3F004E9EBE /* Debug */,
				3EB0AA7D17577E3F004E9EBE /* Release */,
			);
			defaultConfigurationIsVisible = 0;
		};
		3EB0AAB717577EC0004E9EBE /* Build configuration list for PBXNativeTarget "ZipKit" */ = {
			isa = XCConfigurationList;
			buildConfigurations = (
				3EB0AAB817577EC0004E9EBE /* Debug */,
				3EB0AAB917577EC0004E9EBE /* Release */,
			);
			defaultConfigurationIsVisible = 0;
		};
		3EF9AF0D175778A1006F9399 /* Build configuration list for PBXProject "WorkspaceLibs" */ = {
			isa = XCConfigurationList;
			buildConfigurations = (
				3EF9AF1E175778A1006F9399 /* Debug */,
				3EF9AF1F175778A1006F9399 /* Release */,
			);
			defaultConfigurationIsVisible = 0;
			defaultConfigurationName = Release;
		};
		3EF9AF3017577993006F9399 /* Build configuration list for PBXNativeTarget "asi-http-request" */ = {
			isa = XCConfigurationList;
			buildConfigurations = (
				3EF9AF3117577993006F9399 /* Debug */,
				3EF9AF3217577993006F9399 /* Release */,
			);
			defaultConfigurationIsVisible = 0;
			defaultConfigurationName = Release;
		};
		3EF9AF6A17577D88006F9399 /* Build configuration list for PBXNativeTarget "fmdb" */ = {
			isa = XCConfigurationList;
			buildConfigurations = (
				3EF9AF6B17577D88006F9399 /* Debug */,
				3EF9AF6C17577D88006F9399 /* Release */,
			);
			defaultConfigurationIsVisible = 0;
			defaultConfigurationName = Release;
		};
/* End XCConfigurationList section */
	};
	rootObject = 3EF9AF0A175778A1006F9399 /* Project object */;
}
